
Microsoft Visual Studio Solution File, Format Version 12.00
# Visual Studio 2012
Project("{FAE04EC0-301F-11D3-BF4B-00C04F79EFBC}") = "Nop.Core", "Nop.Core\Nop.Core.csproj", "{B8FDACE9-1659-49C5-A553-DCF92D78D697}"
EndProject
Project("{FAE04EC0-301F-11D3-BF4B-00C04F79EFBC}") = "Nop.Data", "Nop.Data\Nop.Data.csproj", "{72FA7722-0960-4163-A425-5CF1BA41D367}"
EndProject
Project("{FAE04EC0-301F-11D3-BF4B-00C04F79EFBC}") = "Nop.Services", "Nop.Services\Nop.Services.csproj", "{F7A1F89C-1F54-4886-BC8F-E918C18EF53D}"
EndProject
Global
	GlobalSection(SolutionConfigurationPlatforms) = preSolution
		Debug|Any CPU = Debug|Any CPU
		Release|Any CPU = Release|Any CPU
	EndGlobalSection
	GlobalSection(ProjectConfigurationPlatforms) = postSolution
		{B8FDACE9-1659-49C5-A553-DCF92D78D697}.Debug|Any CPU.ActiveCfg = Debug|Any CPU
		{B8FDACE9-1659-49C5-A553-DCF92D78D697}.Debug|Any CPU.Build.0 = Debug|Any CPU
		{B8FDACE9-1659-49C5-A553-DCF92D78D697}.Release|Any CPU.ActiveCfg = Release|Any CPU
		{B8FDACE9-1659-49C5-A553-DCF92D78D697}.Release|Any CPU.Build.0 = Release|Any CPU
		{72FA7722-0960-4163-A425-5CF1BA41D367}.Debug|Any CPU.ActiveCfg = Debug|Any CPU
		{72FA7722-0960-4163-A425-5CF1BA41D367}.Debug|Any CPU.Build.0 = Debug|Any CPU
		{72FA7722-0960-4163-A425-5CF1BA41D367}.Release|Any CPU.ActiveCfg = Release|Any CPU
		{72FA7722-0960-4163-A425-5CF1BA41D367}.Release|Any CPU.Build.0 = Release|Any CPU
		{F7A1F89C-1F54-4886-BC8F-E918C18EF53D}.Debug|Any CPU.ActiveCfg = Debug|Any CPU
		{F7A1F89C-1F54-4886-BC8F-E918C18EF53D}.Debug|Any CPU.Build.0 = Debug|Any CPU
		{F7A1F89C-1F54-4886-BC8F-E918C18EF53D}.Release|Any CPU.ActiveCfg = Release|Any CPU
		{F7A1F89C-1F54-4886-BC8F-E918C18EF53D}.Release|Any CPU.Build.0 = Release|Any CPU
	EndGlobalSection
	GlobalSection(SolutionProperties) = preSolution
		HideSolutionNode = FALSE
	EndGlobalSection
EndGlobal
